
Microsoft Visual Studio Solution File, Format Version 12.00
# Visual Studio Version 17
VisualStudioVersion = 17.7.34031.279
MinimumVisualStudioVersion = 10.0.40219.1
Project("{8BC9CEB8-8B4A-11D0-8D11-00A0C91BC942}") = "DDisplaySetColor", "DDisplaySetColor.vcxproj", "{FAB7E6FA-87A3-420F-89ED-F5ED8B79133D}"
EndProject
Global
	GlobalSection(SolutionConfigurationPlatforms) = preSolution
		Debug|x64 = Debug|x64
		Debug|x86 = Debug|x86
		Release|x64 = Release|x64
		Release|x86 = Release|x86
	EndGlobalSection
	GlobalSection(ProjectConfigurationPlatforms) = postSolution
		{FAB7E6FA-87A3-420F-89ED-F5ED8B79133D}.Debug|x64.ActiveCfg = Debug|x64
		{FAB7E6FA-87A3-420F-89ED-F5ED8B79133D}.Debug|x64.Build.0 = Debug|x64
		{FAB7E6FA-87A3-420F-89ED-F5ED8B79133D}.Debug|x86.ActiveCfg = Debug|Win32
		{FAB7E6FA-87A3-420F-89ED-F5ED8B79133D}.Debug|x86.Build.0 = Debug|Win32
		{FAB7E6FA-87A3-420F-89ED-F5ED8B79133D}.Release|x64.ActiveCfg = Release|x64
		{FAB7E6FA-87A3-420F-89ED-F5ED8B79133D}.Release|x64.Build.0 = Release|x64
		{FAB7E6FA-87A3-420F-89ED-F5ED8B79133D}.Release|x86.ActiveCfg = Release|Win32
		{FAB7E6FA-87A3-420F-89ED-F5ED8B79133D}.Release|x86.Build.0 = Release|Win32
	EndGlobalSection
	GlobalSection(SolutionProperties) = preSolution
		HideSolutionNode = FALSE
	EndGlobalSection
	GlobalSection(ExtensibilityGlobals) = postSolution
		SolutionGuid = {EBACDE12-CCE3-4E88-ABF4-64739869A025}
	EndGlobalSection
EndGlobal
